{
    "_readme": [
        "This file locks the dependencies of your project to a known state",
        "Read more about it at https://getcomposer.org/doc/01-basic-usage.md#composer-lock-the-lock-file",
        "This file is @generated automatically"
    ],
    "hash": "7ef9e5b5c6edf7d84c3d999f9af522b0",
    "content-hash": "16457abc92c8aecc9e30a15a61c15c94",
    "packages": [
        {
            "name": "moxie-lean/assets",
            "version": "2.0.5",
            "source": {
                "type": "git",
                "url": "https://github.com/moxie-lean/assets.git",
                "reference": "dea4e69aff9b4e4cf0c68614610839ab31337e78"
            },
            "dist": {
                "type": "zip",
                "url": "https://api.github.com/repos/moxie-lean/assets/zipball/dea4e69aff9b4e4cf0c68614610839ab31337e78",
                "reference": "dea4e69aff9b4e4cf0c68614610839ab31337e78",
                "shasum": ""
            },
            "require": {
                "php": ">=5.3"
            },
            "require-dev": {
                "squizlabs/php_codesniffer": "2.*",
                "wp-coding-standards/wpcs": "0.9.0"
            },
            "type": "library",
            "autoload": {
                "psr-4": {
                    "Lean\\": "src/"
                }
            },
            "notification-url": "https://packagist.org/downloads/",
            "license": [
                "MIT"
            ],
            "authors": [
                {
                    "name": "Crisoforo Gaspar Hernandez",
                    "email": "github@crisoforo.com"
                }
            ],
            "description": "Loader for theme assets and some extra utilities related with loader of the assets.",
            "homepage": "https://github.com/moxie-lean/assets",
            "keywords": [
                "assets",
                "css",
                "scripts",
                "wordpress"
            ],
            "time": "2016-10-21 03:02:10"
        },
        {
            "name": "moxie-lean/loader",
            "version": "1.0.2",
            "source": {
                "type": "git",
                "url": "https://github.com/moxie-lean/loader.git",
                "reference": "9290ccc0604091c754b3203bf306ac08912a3bca"
            },
            "dist": {
                "type": "zip",
                "url": "https://api.github.com/repos/moxie-lean/loader/zipball/9290ccc0604091c754b3203bf306ac08912a3bca",
                "reference": "9290ccc0604091c754b3203bf306ac08912a3bca",
                "shasum": ""
            },
            "require": {
                "php": ">=5.4.0"
            },
            "require-dev": {
                "squizlabs/php_codesniffer": "2.*",
                "wp-coding-standards/wpcs": "0.9.0"
            },
            "type": "library",
            "autoload": {
                "psr-4": {
                    "Lean\\": "src/"
                },
                "files": [
                    "./src/config.php"
                ]
            },
            "notification-url": "https://packagist.org/downloads/",
            "license": [
                "MIT"
            ],
            "authors": [
                {
                    "name": "Crisoforo Gaspar",
                    "email": "github@crisoforo.com"
                }
            ],
            "description": "Loader for files in wordpress making things easier instead of using a require",
            "time": "2016-09-10 00:03:29"
        },
        {
            "name": "moxie-lean/wp-acf",
            "version": "1.2.0",
            "source": {
                "type": "git",
                "url": "https://github.com/moxie-lean/wp-acf.git",
                "reference": "c421cd051080c14e79ccadcf270f2681d1905f0d"
            },
            "dist": {
                "type": "zip",
                "url": "https://api.github.com/repos/moxie-lean/wp-acf/zipball/c421cd051080c14e79ccadcf270f2681d1905f0d",
                "reference": "c421cd051080c14e79ccadcf270f2681d1905f0d",
                "shasum": ""
            },
            "require": {
                "php": ">=5.4"
            },
            "require-dev": {
                "squizlabs/php_codesniffer": "2.*",
                "wp-coding-standards/wpcs": "0.9.0"
            },
            "type": "library",
            "autoload": {
                "psr-4": {
                    "Lean\\": "src/"
                }
            },
            "notification-url": "https://packagist.org/downloads/",
            "license": [
                "MIT"
            ],
            "authors": [
                {
                    "name": "Adam Fenton",
                    "email": "devs@getmoxied.net"
                },
                {
                    "name": "Crisoforo Gaspar",
                    "email": "devs@getmoxied.net"
                }
            ],
            "description": "Helper functions for working with Advanced Custom Fields",
            "homepage": "https://github.com/moxie-lean/wp-acf",
            "keywords": [
                "acf",
                "wordpress"
            ],
            "time": "2016-10-18 20:11:10"
        },
        {
            "name": "moxie-lean/wp-cpt",
            "version": "1.0.1",
            "source": {
                "type": "git",
                "url": "https://github.com/moxie-lean/wp-cpt.git",
                "reference": "1c842040f59bffccdf8486c1d983520ca7313d7a"
            },
            "dist": {
                "type": "zip",
                "url": "https://api.github.com/repos/moxie-lean/wp-cpt/zipball/1c842040f59bffccdf8486c1d983520ca7313d7a",
                "reference": "1c842040f59bffccdf8486c1d983520ca7313d7a",
                "shasum": ""
            },
            "require": {
                "php": ">=5.4"
            },
            "require-dev": {
                "squizlabs/php_codesniffer": "2.*",
                "wp-coding-standards/wpcs": "0.9.0"
            },
            "type": "library",
            "autoload": {
                "psr-4": {
                    "Lean\\": "src/"
                }
            },
            "notification-url": "https://packagist.org/downloads/",
            "license": [
                "MIT"
            ],
            "authors": [
                {
                    "name": "Crisoforo Gaspar Hernandez",
                    "email": "github@crisoforo.com"
                }
            ],
            "description": "Craate custom post types more easily",
            "homepage": "https://github.com/moxie-leean/wp-cpt",
            "keywords": [
                "cpt",
                "post types",
                "wordpress"
            ],
            "time": "2016-04-25 01:37:07"
        },
        {
            "name": "moxie-lean/wp-page-templates",
            "version": "1.0.1",
            "source": {
                "type": "git",
                "url": "https://github.com/moxie-lean/wp-page-templates.git",
                "reference": "4ffe4af4e6c1a46515280c40cb57bab183662399"
            },
            "dist": {
                "type": "zip",
                "url": "https://api.github.com/repos/moxie-lean/wp-page-templates/zipball/4ffe4af4e6c1a46515280c40cb57bab183662399",
                "reference": "4ffe4af4e6c1a46515280c40cb57bab183662399",
                "shasum": ""
            },
            "require": {
                "php": ">=5.4"
            },
            "require-dev": {
                "squizlabs/php_codesniffer": "2.*",
                "wp-coding-standards/wpcs": "0.9.0"
            },
            "type": "library",
            "autoload": {
                "psr-4": {
                    "Lean\\": "src/"
                }
            },
            "notification-url": "https://packagist.org/downloads/",
            "license": [
                "MIT"
            ],
            "authors": [
                {
                    "name": "Adam Fenton",
                    "email": "devs@getmoxied.net"
                }
            ],
            "description": "A way of registering page templates from a plugin",
            "homepage": "https://github.com/moxie-lean/wp-page-templates",
            "keywords": [
                "wordpress"
            ],
            "time": "2016-05-27 14:26:20"
        },
        {
            "name": "moxie-lean/wp-widgets",
            "version": "1.0.3",
            "source": {
                "type": "git",
                "url": "https://github.com/moxie-lean/wp-widgets.git",
                "reference": "701227bb750a62344ee7d503b8cdbb2f6212640a"
            },
            "dist": {
                "type": "zip",
                "url": "https://api.github.com/repos/moxie-lean/wp-widgets/zipball/701227bb750a62344ee7d503b8cdbb2f6212640a",
                "reference": "701227bb750a62344ee7d503b8cdbb2f6212640a",
                "shasum": ""
            },
            "require": {
                "moxie-lean/wp-acf": "1.*.*",
                "php": ">=5.4"
            },
            "require-dev": {
                "squizlabs/php_codesniffer": "2.*",
                "wp-coding-standards/wpcs": "0.9.0"
            },
            "type": "library",
            "autoload": {
                "psr-4": {
                    "Lean\\Widgets\\": "src/"
                }
            },
            "notification-url": "https://packagist.org/downloads/",
            "license": [
                "MIT"
            ],
            "authors": [
                {
                    "name": "Adam Fenton",
                    "email": "devs@getmoxied.net"
                }
            ],
            "description": "Control the WP widgets whilst using WP in as a headless CMS.",
            "homepage": "https://github.com/moxie-lean/wp-widgets",
            "keywords": [
                "wordpress"
            ],
            "time": "2016-05-27 14:33:36"
        }
    ],
    "packages-dev": [
        {
            "name": "squizlabs/php_codesniffer",
            "version": "2.7.0",
            "source": {
                "type": "git",
                "url": "https://github.com/squizlabs/PHP_CodeSniffer.git",
                "reference": "571e27b6348e5b3a637b2abc82ac0d01e6d7bbed"
            },
            "dist": {
                "type": "zip",
                "url": "https://api.github.com/repos/squizlabs/PHP_CodeSniffer/zipball/571e27b6348e5b3a637b2abc82ac0d01e6d7bbed",
                "reference": "571e27b6348e5b3a637b2abc82ac0d01e6d7bbed",
                "shasum": ""
            },
            "require": {
                "ext-simplexml": "*",
                "ext-tokenizer": "*",
                "ext-xmlwriter": "*",
                "php": ">=5.1.2"
            },
            "require-dev": {
                "phpunit/phpunit": "~4.0"
            },
            "bin": [
                "scripts/phpcs",
                "scripts/phpcbf"
            ],
            "type": "library",
            "extra": {
                "branch-alias": {
                    "dev-master": "2.x-dev"
                }
            },
            "autoload": {
                "classmap": [
                    "CodeSniffer.php",
                    "CodeSniffer/CLI.php",
                    "CodeSniffer/Exception.php",
                    "CodeSniffer/File.php",
                    "CodeSniffer/Fixer.php",
                    "CodeSniffer/Report.php",
                    "CodeSniffer/Reporting.php",
                    "CodeSniffer/Sniff.php",
                    "CodeSniffer/Tokens.php",
                    "CodeSniffer/Reports/",
                    "CodeSniffer/Tokenizers/",
                    "CodeSniffer/DocGenerators/",
                    "CodeSniffer/Standards/AbstractPatternSniff.php",
                    "CodeSniffer/Standards/AbstractScopeSniff.php",
                    "CodeSniffer/Standards/AbstractVariableSniff.php",
                    "CodeSniffer/Standards/IncorrectPatternException.php",
                    "CodeSniffer/Standards/Generic/Sniffs/",
                    "CodeSniffer/Standards/MySource/Sniffs/",
                    "CodeSniffer/Standards/PEAR/Sniffs/",
                    "CodeSniffer/Standards/PSR1/Sniffs/",
                    "CodeSniffer/Standards/PSR2/Sniffs/",
                    "CodeSniffer/Standards/Squiz/Sniffs/",
                    "CodeSniffer/Standards/Zend/Sniffs/"
                ]
            },
            "notification-url": "https://packagist.org/downloads/",
            "license": [
                "BSD-3-Clause"
            ],
            "authors": [
                {
                    "name": "Greg Sherwood",
                    "role": "lead"
                }
            ],
            "description": "PHP_CodeSniffer tokenizes PHP, JavaScript and CSS files and detects violations of a defined set of coding standards.",
            "homepage": "http://www.squizlabs.com/php-codesniffer",
            "keywords": [
                "phpcs",
                "standards"
            ],
            "time": "2016-09-01 23:53:02"
        },
        {
            "name": "wp-coding-standards/wpcs",
            "version": "0.9.0",
            "source": {
                "type": "git",
                "url": "https://github.com/WordPress-Coding-Standards/WordPress-Coding-Standards.git",
                "reference": "b415094aa5fd24da6eba2295323bcff840902dd3"
            },
            "dist": {
                "type": "zip",
                "url": "https://api.github.com/repos/WordPress-Coding-Standards/WordPress-Coding-Standards/zipball/b415094aa5fd24da6eba2295323bcff840902dd3",
                "reference": "b415094aa5fd24da6eba2295323bcff840902dd3",
                "shasum": ""
            },
            "require": {
                "squizlabs/php_codesniffer": "~2.2"
            },
            "type": "library",
            "notification-url": "https://packagist.org/downloads/",
            "license": [
                "MIT"
            ],
            "authors": [
                {
                    "name": "Contributors",
                    "homepage": "https://github.com/WordPress-Coding-Standards/WordPress-Coding-Standards/graphs/contributors"
                }
            ],
            "description": "PHP_CodeSniffer rules (sniffs) to enforce WordPress coding conventions",
            "keywords": [
                "phpcs",
                "standards",
                "wordpress"
            ],
            "time": "2016-02-01 16:14:59"
        }
    ],
    "aliases": [],
    "minimum-stability": "stable",
    "stability-flags": [],
    "prefer-stable": false,
    "prefer-lowest": false,
    "platform": [],
    "platform-dev": []
}
