{
    "_readme": [
        "This file locks the dependencies of your project to a known state",
        "Read more about it at https://getcomposer.org/doc/01-basic-usage.md#composer-lock-the-lock-file",
        "This file is @generated automatically"
    ],
    "hash": "4da748d4729dced51b948b6ffdc8cb31",
    "content-hash": "4fe00a3a72ea2cb3b98f6be51c93ef34",
    "packages": [
        {
            "name": "moxie-lean/assets",
            "version": "2.1.0",
            "source": {
                "type": "git",
                "url": "https://github.com/moxie-lean/assets.git",
                "reference": "f35bcae5428da2d81c21e56d4e4660adbae96468"
            },
            "dist": {
                "type": "zip",
                "url": "https://api.github.com/repos/moxie-lean/assets/zipball/f35bcae5428da2d81c21e56d4e4660adbae96468",
                "reference": "f35bcae5428da2d81c21e56d4e4660adbae96468",
                "shasum": ""
            },
            "require": {
                "php": ">=5.3"
            },
            "require-dev": {
                "squizlabs/php_codesniffer": "2.*",
                "wp-coding-standards/wpcs": "0.9.0"
            },
            "type": "library",
            "autoload": {
                "psr-4": {
                    "Lean\\": "src/"
                }
            },
            "notification-url": "https://packagist.org/downloads/",
            "license": [
                "MIT"
            ],
            "authors": [
                {
                    "name": "Crisoforo Gaspar Hernandez",
                    "email": "github@crisoforo.com"
                }
            ],
            "description": "Loader for theme assets and some extra utilities related with loader of the assets.",
            "homepage": "https://github.com/moxie-lean/assets",
            "keywords": [
                "assets",
                "css",
                "scripts",
                "wordpress"
            ],
            "time": "2017-01-23 19:14:49"
        },
        {
            "name": "moxie-lean/loader",
            "version": "1.1.0",
            "source": {
                "type": "git",
                "url": "https://github.com/moxie-lean/loader.git",
                "reference": "9d6d56309fe549ebf20bf201c46f4017d58a3d85"
            },
            "dist": {
                "type": "zip",
                "url": "https://api.github.com/repos/moxie-lean/loader/zipball/9d6d56309fe549ebf20bf201c46f4017d58a3d85",
                "reference": "9d6d56309fe549ebf20bf201c46f4017d58a3d85",
                "shasum": ""
            },
            "require": {
                "php": ">=5.4.0"
            },
            "require-dev": {
                "squizlabs/php_codesniffer": "2.*",
                "wp-coding-standards/wpcs": "0.9.0"
            },
            "type": "library",
            "autoload": {
                "psr-4": {
                    "Lean\\": "src/"
                },
                "files": [
                    "./src/config.php"
                ]
            },
            "notification-url": "https://packagist.org/downloads/",
            "license": [
                "MIT"
            ],
            "authors": [
                {
                    "name": "Crisoforo Gaspar",
                    "email": "github@crisoforo.com"
                }
            ],
            "description": "Loader for files in wordpress making things easier instead of using a require",
            "time": "2016-11-21 04:27:07"
        },
        {
            "name": "moxie-lean/wp-acf",
            "version": "1.3.1",
            "source": {
                "type": "git",
                "url": "https://github.com/moxie-lean/wp-acf.git",
                "reference": "2f5093438d637fa0eca42ad6d10f6b433ec078b2"
            },
            "dist": {
                "type": "zip",
                "url": "https://api.github.com/repos/moxie-lean/wp-acf/zipball/2f5093438d637fa0eca42ad6d10f6b433ec078b2",
                "reference": "2f5093438d637fa0eca42ad6d10f6b433ec078b2",
                "shasum": ""
            },
            "require": {
                "php": ">=5.4"
            },
            "require-dev": {
                "squizlabs/php_codesniffer": "2.*",
                "wp-coding-standards/wpcs": "0.9.0"
            },
            "type": "library",
            "autoload": {
                "psr-4": {
                    "Lean\\": "src/"
                }
            },
            "notification-url": "https://packagist.org/downloads/",
            "license": [
                "MIT"
            ],
            "authors": [
                {
                    "name": "Adam Fenton",
                    "email": "devs@getmoxied.net"
                },
                {
                    "name": "Crisoforo Gaspar",
                    "email": "devs@getmoxied.net"
                }
            ],
            "description": "Helper functions for working with Advanced Custom Fields",
            "homepage": "https://github.com/moxie-lean/wp-acf",
            "keywords": [
                "acf",
                "wordpress"
            ],
            "time": "2017-01-20 17:32:04"
        },
        {
            "name": "moxie-lean/wp-cpt",
            "version": "1.0.1",
            "source": {
                "type": "git",
                "url": "https://github.com/moxie-lean/wp-cpt.git",
                "reference": "1c842040f59bffccdf8486c1d983520ca7313d7a"
            },
            "dist": {
                "type": "zip",
                "url": "https://api.github.com/repos/moxie-lean/wp-cpt/zipball/1c842040f59bffccdf8486c1d983520ca7313d7a",
                "reference": "1c842040f59bffccdf8486c1d983520ca7313d7a",
                "shasum": ""
            },
            "require": {
                "php": ">=5.4"
            },
            "require-dev": {
                "squizlabs/php_codesniffer": "2.*",
                "wp-coding-standards/wpcs": "0.9.0"
            },
            "type": "library",
            "autoload": {
                "psr-4": {
                    "Lean\\": "src/"
                }
            },
            "notification-url": "https://packagist.org/downloads/",
            "license": [
                "MIT"
            ],
            "authors": [
                {
                    "name": "Crisoforo Gaspar Hernandez",
                    "email": "github@crisoforo.com"
                }
            ],
            "description": "Craate custom post types more easily",
            "homepage": "https://github.com/moxie-leean/wp-cpt",
            "keywords": [
                "cpt",
                "post types",
                "wordpress"
            ],
            "time": "2016-04-25 01:37:07"
        },
        {
            "name": "moxie-lean/wp-widgets",
            "version": "1.0.3",
            "source": {
                "type": "git",
                "url": "https://github.com/moxie-lean/wp-widgets.git",
                "reference": "701227bb750a62344ee7d503b8cdbb2f6212640a"
            },
            "dist": {
                "type": "zip",
                "url": "https://api.github.com/repos/moxie-lean/wp-widgets/zipball/701227bb750a62344ee7d503b8cdbb2f6212640a",
                "reference": "701227bb750a62344ee7d503b8cdbb2f6212640a",
                "shasum": ""
            },
            "require": {
                "moxie-lean/wp-acf": "1.*.*",
                "php": ">=5.4"
            },
            "require-dev": {
                "squizlabs/php_codesniffer": "2.*",
                "wp-coding-standards/wpcs": "0.9.0"
            },
            "type": "library",
            "autoload": {
                "psr-4": {
                    "Lean\\Widgets\\": "src/"
                }
            },
            "notification-url": "https://packagist.org/downloads/",
            "license": [
                "MIT"
            ],
            "authors": [
                {
                    "name": "Adam Fenton",
                    "email": "devs@getmoxied.net"
                }
            ],
            "description": "Control the WP widgets whilst using WP in as a headless CMS.",
            "homepage": "https://github.com/moxie-lean/wp-widgets",
            "keywords": [
                "wordpress"
            ],
            "time": "2016-05-27 14:33:36"
        }
    ],
    "packages-dev": [
        {
            "name": "squizlabs/php_codesniffer",
            "version": "2.7.1",
            "source": {
                "type": "git",
                "url": "https://github.com/squizlabs/PHP_CodeSniffer.git",
                "reference": "9b324f3a1132459a7274a0ace2e1b766ba80930f"
            },
            "dist": {
                "type": "zip",
                "url": "https://api.github.com/repos/squizlabs/PHP_CodeSniffer/zipball/9b324f3a1132459a7274a0ace2e1b766ba80930f",
                "reference": "9b324f3a1132459a7274a0ace2e1b766ba80930f",
                "shasum": ""
            },
            "require": {
                "ext-simplexml": "*",
                "ext-tokenizer": "*",
                "ext-xmlwriter": "*",
                "php": ">=5.1.2"
            },
            "require-dev": {
                "phpunit/phpunit": "~4.0"
            },
            "bin": [
                "scripts/phpcs",
                "scripts/phpcbf"
            ],
            "type": "library",
            "extra": {
                "branch-alias": {
                    "dev-master": "2.x-dev"
                }
            },
            "autoload": {
                "classmap": [
                    "CodeSniffer.php",
                    "CodeSniffer/CLI.php",
                    "CodeSniffer/Exception.php",
                    "CodeSniffer/File.php",
                    "CodeSniffer/Fixer.php",
                    "CodeSniffer/Report.php",
                    "CodeSniffer/Reporting.php",
                    "CodeSniffer/Sniff.php",
                    "CodeSniffer/Tokens.php",
                    "CodeSniffer/Reports/",
                    "CodeSniffer/Tokenizers/",
                    "CodeSniffer/DocGenerators/",
                    "CodeSniffer/Standards/AbstractPatternSniff.php",
                    "CodeSniffer/Standards/AbstractScopeSniff.php",
                    "CodeSniffer/Standards/AbstractVariableSniff.php",
                    "CodeSniffer/Standards/IncorrectPatternException.php",
                    "CodeSniffer/Standards/Generic/Sniffs/",
                    "CodeSniffer/Standards/MySource/Sniffs/",
                    "CodeSniffer/Standards/PEAR/Sniffs/",
                    "CodeSniffer/Standards/PSR1/Sniffs/",
                    "CodeSniffer/Standards/PSR2/Sniffs/",
                    "CodeSniffer/Standards/Squiz/Sniffs/",
                    "CodeSniffer/Standards/Zend/Sniffs/"
                ]
            },
            "notification-url": "https://packagist.org/downloads/",
            "license": [
                "BSD-3-Clause"
            ],
            "authors": [
                {
                    "name": "Greg Sherwood",
                    "role": "lead"
                }
            ],
            "description": "PHP_CodeSniffer tokenizes PHP, JavaScript and CSS files and detects violations of a defined set of coding standards.",
            "homepage": "http://www.squizlabs.com/php-codesniffer",
            "keywords": [
                "phpcs",
                "standards"
            ],
            "time": "2016-11-30 04:02:31"
        },
        {
            "name": "wp-coding-standards/wpcs",
            "version": "0.10.0",
            "source": {
                "type": "git",
                "url": "https://github.com/WordPress-Coding-Standards/WordPress-Coding-Standards.git",
                "reference": "b39490465f6fd7375743a395019cd597e12119c9"
            },
            "dist": {
                "type": "zip",
                "url": "https://api.github.com/repos/WordPress-Coding-Standards/WordPress-Coding-Standards/zipball/b39490465f6fd7375743a395019cd597e12119c9",
                "reference": "b39490465f6fd7375743a395019cd597e12119c9",
                "shasum": ""
            },
            "require": {
                "squizlabs/php_codesniffer": "^2.6"
            },
            "type": "library",
            "notification-url": "https://packagist.org/downloads/",
            "license": [
                "MIT"
            ],
            "authors": [
                {
                    "name": "Contributors",
                    "homepage": "https://github.com/WordPress-Coding-Standards/WordPress-Coding-Standards/graphs/contributors"
                }
            ],
            "description": "PHP_CodeSniffer rules (sniffs) to enforce WordPress coding conventions",
            "keywords": [
                "phpcs",
                "standards",
                "wordpress"
            ],
            "time": "2016-08-29 20:04:47"
        }
    ],
    "aliases": [],
    "minimum-stability": "stable",
    "stability-flags": [],
    "prefer-stable": false,
    "prefer-lowest": false,
    "platform": [],
    "platform-dev": []
}
